// !$*UTF8*$!
{
	archiveVersion = 1;
	classes = {
	};
	objectVersion = 50;
	objects = {

/* Begin PBXBuildFile section */
		079CE1472411148C00733E84 /* main.cpp in Sources */ = {isa = PBXBuildFile; fileRef = 079CE1462411148C00733E84 /* main.cpp */; };
/* End PBXBuildFile section */

/* Begin PBXCopyFilesBuildPhase section */
		079CE1412411148C00733E84 /* CopyFiles */ = {
			isa = PBXCopyFilesBuildPhase;
			buildActionMask = 2147483647;
			dstPath = /usr/share/man/man1/;
			dstSubfolderSpec = 0;
			files = (
			);
			runOnlyForDeploymentPostprocessing = 1;
		};
/* End PBXCopyFilesBuildPhase section */

/* Begin PBXFileReference section */
		07006BB424489F0D00A185CF /* rb_tree_test.h */ = {isa = PBXFileReference; lastKnownFileType = sourcecode.c.h; path = rb_tree_test.h; sourceTree = "<group>"; };
		071A7E30244C32EB0049ECAB /* set.h */ = {isa = PBXFileReference; lastKnownFileType = sourcecode.c.h; path = set.h; sourceTree = "<group>"; };
		071A7E31244C86150049ECAB /* map.h */ = {isa = PBXFileReference; lastKnownFileType = sourcecode.c.h; path = map.h; sourceTree = "<group>"; };
		071DEFD72425EBC800E6B9C3 /* exceptdef.h */ = {isa = PBXFileReference; lastKnownFileType = sourcecode.c.h; path = exceptdef.h; sourceTree = "<group>"; };
		071DEFD8242B672500E6B9C3 /* deque.h */ = {isa = PBXFileReference; lastKnownFileType = sourcecode.c.h; path = deque.h; sourceTree = "<group>"; };
		071DEFD924348EC900E6B9C3 /* stack.h */ = {isa = PBXFileReference; lastKnownFileType = sourcecode.c.h; path = stack.h; sourceTree = "<group>"; };
		071DEFDA2438277900E6B9C3 /* rb_tree.h */ = {isa = PBXFileReference; lastKnownFileType = sourcecode.c.h; path = rb_tree.h; sourceTree = "<group>"; };
		071DEFDB243984AE00E6B9C3 /* util.h */ = {isa = PBXFileReference; lastKnownFileType = sourcecode.c.h; path = util.h; sourceTree = "<group>"; };
		072A049C245531EE00F17E11 /* hashtable.h */ = {isa = PBXFileReference; lastKnownFileType = sourcecode.c.h; path = hashtable.h; sourceTree = "<group>"; };
		074EC09624653FE6008090F7 /* numeric.h */ = {isa = PBXFileReference; lastKnownFileType = sourcecode.c.h; path = numeric.h; sourceTree = "<group>"; };
		074EC097246546FA008090F7 /* algorithm.h */ = {isa = PBXFileReference; lastKnownFileType = sourcecode.c.h; path = algorithm.h; sourceTree = "<group>"; };
		074EC09824654B39008090F7 /* algobase.h */ = {isa = PBXFileReference; lastKnownFileType = sourcecode.c.h; path = algobase.h; sourceTree = "<group>"; };
		079CE1432411148C00733E84 /* deonSTL */ = {isa = PBXFileReference; explicitFileType = "compiled.mach-o.executable"; includeInIndex = 0; path = deonSTL; sourceTree = BUILT_PRODUCTS_DIR; };
		079CE1462411148C00733E84 /* main.cpp */ = {isa = PBXFileReference; lastKnownFileType = sourcecode.cpp.cpp; path = main.cpp; sourceTree = "<group>"; };
		079CE150241115E000733E84 /* vector.h */ = {isa = PBXFileReference; lastKnownFileType = sourcecode.c.h; path = vector.h; sourceTree = "<group>"; };
		079CE15124112CA600733E84 /* allocator.h */ = {isa = PBXFileReference; lastKnownFileType = sourcecode.c.h; path = allocator.h; sourceTree = "<group>"; };
		07C0E0D9241CE3AB00BF4200 /* iterator.h */ = {isa = PBXFileReference; lastKnownFileType = sourcecode.c.h; path = iterator.h; sourceTree = "<group>"; };
		07C0E0DA241D22C700BF4200 /* type_traits.h */ = {isa = PBXFileReference; lastKnownFileType = sourcecode.c.h; path = type_traits.h; sourceTree = "<group>"; };
		07C0E0DB241D26D700BF4200 /* uninitialized.h */ = {isa = PBXFileReference; lastKnownFileType = sourcecode.c.h; path = uninitialized.h; sourceTree = "<group>"; };
		07ED85222414F8FB0030A87A /* construct.h */ = {isa = PBXFileReference; lastKnownFileType = sourcecode.c.h; path = construct.h; sourceTree = "<group>"; };
/* End PBXFileReference section */

/* Begin PBXFrameworksBuildPhase section */
		079CE1402411148C00733E84 /* Frameworks */ = {
			isa = PBXFrameworksBuildPhase;
			buildActionMask = 2147483647;
			files = (
			);
			runOnlyForDeploymentPostprocessing = 0;
		};
/* End PBXFrameworksBuildPhase section */

/* Begin PBXGroup section */
		079CE13A2411148C00733E84 = {
			isa = PBXGroup;
			children = (
				079CE1452411148C00733E84 /* deonSTL */,
				079CE1442411148C00733E84 /* Products */,
			);
			sourceTree = "<group>";
		};
		079CE1442411148C00733E84 /* Products */ = {
			isa = PBXGroup;
			children = (
				079CE1432411148C00733E84 /* deonSTL */,
			);
			name = Products;
			sourceTree = "<group>";
		};
		079CE1452411148C00733E84 /* deonSTL */ = {
			isa = PBXGroup;
			children = (
				079CE1522411401B00733E84 /* Test */,
				079CE1462411148C00733E84 /* main.cpp */,
				07C0E0D9241CE3AB00BF4200 /* iterator.h */,
				079CE150241115E000733E84 /* vector.h */,
				07ED85222414F8FB0030A87A /* construct.h */,
				079CE15124112CA600733E84 /* allocator.h */,
				07C0E0DA241D22C700BF4200 /* type_traits.h */,
				07C0E0DB241D26D700BF4200 /* uninitialized.h */,
				071DEFD72425EBC800E6B9C3 /* exceptdef.h */,
				071DEFD8242B672500E6B9C3 /* deque.h */,
				071DEFD924348EC900E6B9C3 /* stack.h */,
				071DEFDA2438277900E6B9C3 /* rb_tree.h */,
				071DEFDB243984AE00E6B9C3 /* util.h */,
				071A7E30244C32EB0049ECAB /* set.h */,
				071A7E31244C86150049ECAB /* map.h */,
				072A049C245531EE00F17E11 /* hashtable.h */,
				074EC09624653FE6008090F7 /* numeric.h */,
				074EC097246546FA008090F7 /* algorithm.h */,
				074EC09824654B39008090F7 /* algobase.h */,
			);
			path = deonSTL;
			sourceTree = "<group>";
		};
		079CE1522411401B00733E84 /* Test */ = {
			isa = PBXGroup;
			children = (
				07006BB424489F0D00A185CF /* rb_tree_test.h */,
			);
			path = Test;
			sourceTree = "<group>";
		};
/* End PBXGroup section */

/* Begin PBXNativeTarget section */
		079CE1422411148C00733E84 /* deonSTL */ = {
			isa = PBXNativeTarget;
			buildConfigurationList = 079CE14A2411148C00733E84 /* Build configuration list for PBXNativeTarget "deonSTL" */;
			buildPhases = (
				079CE13F2411148C00733E84 /* Sources */,
				079CE1402411148C00733E84 /* Frameworks */,
				079CE1412411148C00733E84 /* CopyFiles */,
			);
			buildRules = (
			);
			dependencies = (
			);
			name = deonSTL;
			productName = deonSTL;
			productReference = 079CE1432411148C00733E84 /* deonSTL */;
			productType = "com.apple.product-type.tool";
		};
/* End PBXNativeTarget section */

/* Begin PBXProject section */
		079CE13B2411148C00733E84 /* Project object */ = {
			isa = PBXProject;
			attributes = {
				LastUpgradeCheck = 1130;
				ORGANIZATIONNAME = "郭松楠";
				TargetAttributes = {
					079CE1422411148C00733E84 = {
						CreatedOnToolsVersion = 11.3.1;
					};
				};
			};
			buildConfigurationList = 079CE13E2411148C00733E84 /* Build configuration list for PBXProject "deonSTL" */;
			compatibilityVersion = "Xcode 9.3";
			developmentRegion = en;
			hasScannedForEncodings = 0;
			knownRegions = (
				en,
				Base,
			);
			mainGroup = 079CE13A2411148C00733E84;
			productRefGroup = 079CE1442411148C00733E84 /* Products */;
			projectDirPath = "";
			projectRoot = "";
			targets = (
				079CE1422411148C00733E84 /* deonSTL */,
			);
		};
/* End PBXProject section */

/* Begin PBXSourcesBuildPhase section */
		079CE13F2411148C00733E84 /* Sources */ = {
			isa = PBXSourcesBuildPhase;
			buildActionMask = 2147483647;
			files = (
				079CE1472411148C00733E84 /* main.cpp in Sources */,
			);
			runOnlyForDeploymentPostprocessing = 0;
		};
/* End PBXSourcesBuildPhase section */

/* Begin XCBuildConfiguration section */
		079CE1482411148C00733E84 /* Debug */ = {
			isa = XCBuildConfiguration;
			buildSettings = {
				ALWAYS_SEARCH_USER_PATHS = NO;
				CLANG_ANALYZER_NONNULL = YES;
				CLANG_ANALYZER_NUMBER_OBJECT_CONVERSION = YES_AGGRESSIVE;
				CLANG_CXX_LANGUAGE_STANDARD = "gnu++14";
				CLANG_CXX_LIBRARY = "libc++";
				CLANG_ENABLE_MODULES = YES;
				CLANG_ENABLE_OBJC_ARC = YES;
				CLANG_ENABLE_OBJC_WEAK = YES;
				CLANG_WARN_BLOCK_CAPTURE_AUTORELEASING = YES;
				CLANG_WARN_BOOL_CONVERSION = YES;
				CLANG_WARN_COMMA = YES;
				CLANG_WARN_CONSTANT_CONVERSION = YES;
				CLANG_WARN_DEPRECATED_OBJC_IMPLEMENTATIONS = YES;
				CLANG_WARN_DIRECT_OBJC_ISA_USAGE = YES_ERROR;
				CLANG_WARN_DOCUMENTATION_COMMENTS = YES;
				CLANG_WARN_EMPTY_BODY = YES;
				CLANG_WARN_ENUM_CONVERSION = YES;
				CLANG_WARN_INFINITE_RECURSION = YES;
				CLANG_WARN_INT_CONVERSION = YES;
				CLANG_WARN_NON_LITERAL_NULL_CONVERSION = YES;
				CLANG_WARN_OBJC_IMPLICIT_RETAIN_SELF = YES;
				CLANG_WARN_OBJC_LITERAL_CONVERSION = YES;
				CLANG_WARN_OBJC_ROOT_CLASS = YES_ERROR;
				CLANG_WARN_RANGE_LOOP_ANALYSIS = YES;
				CLANG_WARN_STRICT_PROTOTYPES = YES;
				CLANG_WARN_SUSPICIOUS_MOVE = YES;
				CLANG_WARN_UNGUARDED_AVAILABILITY = YES_AGGRESSIVE;
				CLANG_WARN_UNREACHABLE_CODE = YES;
				CLANG_WARN__DUPLICATE_METHOD_MATCH = YES;
				COPY_PHASE_STRIP = NO;
				DEBUG_INFORMATION_FORMAT = dwarf;
				ENABLE_STRICT_OBJC_MSGSEND = YES;
				ENABLE_TESTABILITY = YES;
				GCC_C_LANGUAGE_STANDARD = gnu11;
				GCC_DYNAMIC_NO_PIC = NO;
				GCC_NO_COMMON_BLOCKS = YES;
				GCC_OPTIMIZATION_LEVEL = 0;
				GCC_PREPROCESSOR_DEFINITIONS = (
					"DEBUG=1",
					"$(inherited)",
				);
				GCC_WARN_64_TO_32_BIT_CONVERSION = YES;
				GCC_WARN_ABOUT_RETURN_TYPE = YES_ERROR;
				GCC_WARN_UNDECLARED_SELECTOR = YES;
				GCC_WARN_UNINITIALIZED_AUTOS = YES_AGGRESSIVE;
				GCC_WARN_UNUSED_FUNCTION = YES;
				GCC_WARN_UNUSED_VARIABLE = YES;
				MACOSX_DEPLOYMENT_TARGET = 10.15;
				MTL_ENABLE_DEBUG_INFO = INCLUDE_SOURCE;
				MTL_FAST_MATH = YES;
				ONLY_ACTIVE_ARCH = YES;
				SDKROOT = macosx;
			};
			name = Debug;
		};
		079CE1492411148C00733E84 /* Release */ = {
			isa = XCBuildConfiguration;
			buildSettings = {
				ALWAYS_SEARCH_USER_PATHS = NO;
				CLANG_ANALYZER_NONNULL = YES;
				CLANG_ANALYZER_NUMBER_OBJECT_CONVERSION = YES_AGGRESSIVE;
				CLANG_CXX_LANGUAGE_STANDARD = "gnu++14";
				CLANG_CXX_LIBRARY = "libc++";
				CLANG_ENABLE_MODULES = YES;
				CLANG_ENABLE_OBJC_ARC = YES;
				CLANG_ENABLE_OBJC_WEAK = YES;
				CLANG_WARN_BLOCK_CAPTURE_AUTORELEASING = YES;
				CLANG_WARN_BOOL_CONVERSION = YES;
				CLANG_WARN_COMMA = YES;
				CLANG_WARN_CONSTANT_CONVERSION = YES;
				CLANG_WARN_DEPRECATED_OBJC_IMPLEMENTATIONS = YES;
				CLANG_WARN_DIRECT_OBJC_ISA_USAGE = YES_ERROR;
				CLANG_WARN_DOCUMENTATION_COMMENTS = YES;
				CLANG_WARN_EMPTY_BODY = YES;
				CLANG_WARN_ENUM_CONVERSION = YES;
				CLANG_WARN_INFINITE_RECURSION = YES;
				CLANG_WARN_INT_CONVERSION = YES;
				CLANG_WARN_NON_LITERAL_NULL_CONVERSION = YES;
				CLANG_WARN_OBJC_IMPLICIT_RETAIN_SELF = YES;
				CLANG_WARN_OBJC_LITERAL_CONVERSION = YES;
				CLANG_WARN_OBJC_ROOT_CLASS = YES_ERROR;
				CLANG_WARN_RANGE_LOOP_ANALYSIS = YES;
				CLANG_WARN_STRICT_PROTOTYPES = YES;
				CLANG_WARN_SUSPICIOUS_MOVE = YES;
				CLANG_WARN_UNGUARDED_AVAILABILITY = YES_AGGRESSIVE;
				CLANG_WARN_UNREACHABLE_CODE = YES;
				CLANG_WARN__DUPLICATE_METHOD_MATCH = YES;
				COPY_PHASE_STRIP = NO;
				DEBUG_INFORMATION_FORMAT = "dwarf-with-dsym";
				ENABLE_NS_ASSERTIONS = NO;
				ENABLE_STRICT_OBJC_MSGSEND = YES;
				GCC_C_LANGUAGE_STANDARD = gnu11;
				GCC_NO_COMMON_BLOCKS = YES;
				GCC_WARN_64_TO_32_BIT_CONVERSION = YES;
				GCC_WARN_ABOUT_RETURN_TYPE = YES_ERROR;
				GCC_WARN_UNDECLARED_SELECTOR = YES;
				GCC_WARN_UNINITIALIZED_AUTOS = YES_AGGRESSIVE;
				GCC_WARN_UNUSED_FUNCTION = YES;
				GCC_WARN_UNUSED_VARIABLE = YES;
				MACOSX_DEPLOYMENT_TARGET = 10.15;
				MTL_ENABLE_DEBUG_INFO = NO;
				MTL_FAST_MATH = YES;
				SDKROOT = macosx;
			};
			name = Release;
		};
		079CE14B2411148C00733E84 /* Debug */ = {
			isa = XCBuildConfiguration;
			buildSettings = {
				CODE_SIGN_STYLE = Automatic;
				PRODUCT_NAME = "$(TARGET_NAME)";
			};
			name = Debug;
		};
		079CE14C2411148C00733E84 /* Release */ = {
			isa = XCBuildConfiguration;
			buildSettings = {
				CODE_SIGN_STYLE = Automatic;
				PRODUCT_NAME = "$(TARGET_NAME)";
			};
			name = Release;
		};
/* End XCBuildConfiguration section */

/* Begin XCConfigurationList section */
		079CE13E2411148C00733E84 /* Build configuration list for PBXProject "deonSTL" */ = {
			isa = XCConfigurationList;
			buildConfigurations = (
				079CE1482411148C00733E84 /* Debug */,
				079CE1492411148C00733E84 /* Release */,
			);
			defaultConfigurationIsVisible = 0;
			defaultConfigurationName = Release;
		};
		079CE14A2411148C00733E84 /* Build configuration list for PBXNativeTarget "deonSTL" */ = {
			isa = XCConfigurationList;
			buildConfigurations = (
				079CE14B2411148C00733E84 /* Debug */,
				079CE14C2411148C00733E84 /* Release */,
			);
			defaultConfigurationIsVisible = 0;
			defaultConfigurationName = Release;
		};
/* End XCConfigurationList section */
	};
	rootObject = 079CE13B2411148C00733E84 /* Project object */;
}
